
Microsoft Visual Studio Solution File, Format Version 12.00
# Visual Studio Version 17
VisualStudioVersion = 17.9.34728.123
MinimumVisualStudioVersion = 10.0.40219.1
Project("{8BC9CEB8-8B4A-11D0-8D11-00A0C91BC942}") = "ModularBinaryClock", "..\ModularBinaryClock\ModularBinaryClock.vcxproj", "{BE19E1AB-A5D5-438C-991D-9DD5E00B11D2}"
EndProject
Project("{8BC9CEB8-8B4A-11D0-8D11-00A0C91BC942}") = "ClassicBinaryClock", "..\ClassicBinaryClock\ClassicBinaryClock.vcxproj", "{1C538FE8-48B5-48BF-93A8-7423A0E09481}"
EndProject
Global
	GlobalSection(SolutionConfigurationPlatforms) = preSolution
		Debug|x64 = Debug|x64
		Debug|x86 = Debug|x86
		Release|x64 = Release|x64
		Release|x86 = Release|x86
	EndGlobalSection
	GlobalSection(ProjectConfigurationPlatforms) = postSolution
		{BE19E1AB-A5D5-438C-991D-9DD5E00B11D2}.Debug|x64.ActiveCfg = Debug|x64
		{BE19E1AB-A5D5-438C-991D-9DD5E00B11D2}.Debug|x64.Build.0 = Debug|x64
		{BE19E1AB-A5D5-438C-991D-9DD5E00B11D2}.Debug|x86.ActiveCfg = Debug|Win32
		{BE19E1AB-A5D5-438C-991D-9DD5E00B11D2}.Debug|x86.Build.0 = Debug|Win32
		{BE19E1AB-A5D5-438C-991D-9DD5E00B11D2}.Release|x64.ActiveCfg = Release|x64
		{BE19E1AB-A5D5-438C-991D-9DD5E00B11D2}.Release|x64.Build.0 = Release|x64
		{BE19E1AB-A5D5-438C-991D-9DD5E00B11D2}.Release|x86.ActiveCfg = Release|Win32
		{BE19E1AB-A5D5-438C-991D-9DD5E00B11D2}.Release|x86.Build.0 = Release|Win32
		{1C538FE8-48B5-48BF-93A8-7423A0E09481}.Debug|x64.ActiveCfg = Debug|x64
		{1C538FE8-48B5-48BF-93A8-7423A0E09481}.Debug|x64.Build.0 = Debug|x64
		{1C538FE8-48B5-48BF-93A8-7423A0E09481}.Debug|x86.ActiveCfg = Debug|Win32
		{1C538FE8-48B5-48BF-93A8-7423A0E09481}.Debug|x86.Build.0 = Debug|Win32
		{1C538FE8-48B5-48BF-93A8-7423A0E09481}.Release|x64.ActiveCfg = Release|x64
		{1C538FE8-48B5-48BF-93A8-7423A0E09481}.Release|x64.Build.0 = Release|x64
		{1C538FE8-48B5-48BF-93A8-7423A0E09481}.Release|x86.ActiveCfg = Release|Win32
		{1C538FE8-48B5-48BF-93A8-7423A0E09481}.Release|x86.Build.0 = Release|Win32
	EndGlobalSection
	GlobalSection(SolutionProperties) = preSolution
		HideSolutionNode = FALSE
	EndGlobalSection
	GlobalSection(ExtensibilityGlobals) = postSolution
		SolutionGuid = {C6E064B7-D745-4A7B-82E4-D6CB718BAFE1}
	EndGlobalSection
EndGlobal
